{
  "nodes": {
    "nixpkgs": {
      "locked": {
        "lastModified": 1771207753,
        "narHash": "sha256-b9uG8yN50DRQ6A7JdZBfzq718ryYrlmGgqkRm9OOwCE=",
        "owner": "NixOS",
        "repo": "nixpkgs",
        "rev": "d1c15b7d5806069da59e819999d70e1cec0760bf",
        "type": "github"
      },
      "original": {
        "owner": "NixOS",
        "ref": "nixpkgs-unstable",
        "repo": "nixpkgs",
        "type": "github"
      }
    },
    "root": {
      "inputs": {
        "nixpkgs": "nixpkgs",
        "zmk-nix": "zmk-nix"
      }
    },
    "zmk-nix": {
      "inputs": {
        "nixpkgs": [
          "nixpkgs"
        ]
      },
      "locked": {
        "lastModified": 1771116806,
        "narHash": "sha256-AbQGjgWO51AM0fmmjEe8bkwere6+a/BBpeOxc59sT0I=",
        "owner": "lilyinstarlight",
        "repo": "zmk-nix",
        "rev": "f59066f976a7174bd984b0d3883616d5a3e2fcda",
        "type": "github"
      },
      "original": {
        "owner": "lilyinstarlight",
        "repo": "zmk-nix",
        "type": "github"
      }
    }
  },
  "root": "root",
  "version": 7
}
