{
  "nodes": {
    "nixpkgs": {
      "locked": {
        "lastModified": 1773476965,
        "narHash": "sha256-Laaj25PvGeoP5SPhMfMGxvWqM6ZjZ6LdUeEhP6b3czY=",
        "owner": "NixOS",
        "repo": "nixpkgs",
        "rev": "f82ce7af0b79ac154b12e27ed800aeb97413723c",
        "type": "github"
      },
      "original": {
        "owner": "NixOS",
        "ref": "nixpkgs-unstable",
        "repo": "nixpkgs",
        "type": "github"
      }
    },
    "root": {
      "inputs": {
        "nixpkgs": "nixpkgs",
        "zmk-nix": "zmk-nix"
      }
    },
    "zmk-nix": {
      "inputs": {
        "nixpkgs": [
          "nixpkgs"
        ]
      },
      "locked": {
        "lastModified": 1772931079,
        "narHash": "sha256-RFLRG3MVKAhLyBePxYYbXPTykbtg34ZX0a33Hyr6luE=",
        "owner": "lilyinstarlight",
        "repo": "zmk-nix",
        "rev": "f3bfc915d131161eda5f57802576c23b14d8f4ff",
        "type": "github"
      },
      "original": {
        "owner": "lilyinstarlight",
        "repo": "zmk-nix",
        "type": "github"
      }
    }
  },
  "root": "root",
  "version": 7
}
